
Microsoft Visual Studio Solution File, Format Version 12.00
# Visual Studio Version 17
VisualStudioVersion = 17.5.002.0
MinimumVisualStudioVersion = 10.0.40219.1
Project("{9A19103F-16F7-4668-BE54-9A1E7A4F7556}") = "LegalFileWritingAndReading", "LegalFileWritingAndReading.csproj", "{F94D4D2B-E5D8-46C2-B229-0B7171DD8340}"
EndProject
Global
	GlobalSection(SolutionConfigurationPlatforms) = preSolution
		Debug|Any CPU = Debug|Any CPU
		Release|Any CPU = Release|Any CPU
	EndGlobalSection
	GlobalSection(ProjectConfigurationPlatforms) = postSolution
		{F94D4D2B-E5D8-46C2-B229-0B7171DD8340}.Debug|Any CPU.ActiveCfg = Debug|Any CPU
		{F94D4D2B-E5D8-46C2-B229-0B7171DD8340}.Debug|Any CPU.Build.0 = Debug|Any CPU
		{F94D4D2B-E5D8-46C2-B229-0B7171DD8340}.Release|Any CPU.ActiveCfg = Release|Any CPU
		{F94D4D2B-E5D8-46C2-B229-0B7171DD8340}.Release|Any CPU.Build.0 = Release|Any CPU
	EndGlobalSection
	GlobalSection(SolutionProperties) = preSolution
		HideSolutionNode = FALSE
	EndGlobalSection
	GlobalSection(ExtensibilityGlobals) = postSolution
		SolutionGuid = {CFB4A074-5D07-4713-B949-009F8AE942D0}
	EndGlobalSection
EndGlobal
